// !$*UTF8*$!
{
	archiveVersion = 1;
	classes = {
	};
	objectVersion = 55;
	objects = {

/* Begin PBXBuildFile section */
		0A151C5028A0DE4D005EFBFF /* CounterApp.swift in Sources */ = {isa = PBXBuildFile; fileRef = 0A151C4F28A0DE4D005EFBFF /* CounterApp.swift */; };
		0A151C5228A0DE4D005EFBFF /* ContentView.swift in Sources */ = {isa = PBXBuildFile; fileRef = 0A151C5128A0DE4D005EFBFF /* ContentView.swift */; };
		0A151C5428A0DE4E005EFBFF /* Assets.xcassets in Resources */ = {isa = PBXBuildFile; fileRef = 0A151C5328A0DE4E005EFBFF /* Assets.xcassets */; };
		0A151C5728A0DE4E005EFBFF /* Preview Assets.xcassets in Resources */ = {isa = PBXBuildFile; fileRef = 0A151C5628A0DE4E005EFBFF /* Preview Assets.xcassets */; };
		0A151C6128A0DE4E005EFBFF /* CounterTests.swift in Sources */ = {isa = PBXBuildFile; fileRef = 0A151C6028A0DE4E005EFBFF /* CounterTests.swift */; };
		0A151C6B28A0DE4F005EFBFF /* CounterUITests.swift in Sources */ = {isa = PBXBuildFile; fileRef = 0A151C6A28A0DE4F005EFBFF /* CounterUITests.swift */; };
		0A151C6D28A0DE4F005EFBFF /* CounterUITestsLaunchTests.swift in Sources */ = {isa = PBXBuildFile; fileRef = 0A151C6C28A0DE4F005EFBFF /* CounterUITestsLaunchTests.swift */; };
/* End PBXBuildFile section */

/* Begin PBXContainerItemProxy section */
		0A151C5D28A0DE4E005EFBFF /* PBXContainerItemProxy */ = {
			isa = PBXContainerItemProxy;
			containerPortal = 0A151C4428A0DE4D005EFBFF /* Project object */;
			proxyType = 1;
			remoteGlobalIDString = 0A151C4B28A0DE4D005EFBFF;
			remoteInfo = Counter;
		};
		0A151C6728A0DE4E005EFBFF /* PBXContainerItemProxy */ = {
			isa = PBXContainerItemProxy;
			containerPortal = 0A151C4428A0DE4D005EFBFF /* Project object */;
			proxyType = 1;
			remoteGlobalIDString = 0A151C4B28A0DE4D005EFBFF;
			remoteInfo = Counter;
		};
/* End PBXContainerItemProxy section */

/* Begin PBXFileReference section */
		0A151C4C28A0DE4D005EFBFF /* Counter.app */ = {isa = PBXFileReference; explicitFileType = wrapper.application; includeInIndex = 0; path = Counter.app; sourceTree = BUILT_PRODUCTS_DIR; };
		0A151C4F28A0DE4D005EFBFF /* CounterApp.swift */ = {isa = PBXFileReference; lastKnownFileType = sourcecode.swift; path = CounterApp.swift; sourceTree = "<group>"; };
		0A151C5128A0DE4D005EFBFF /* ContentView.swift */ = {isa = PBXFileReference; lastKnownFileType = sourcecode.swift; path = ContentView.swift; sourceTree = "<group>"; };
		0A151C5328A0DE4E005EFBFF /* Assets.xcassets */ = {isa = PBXFileReference; lastKnownFileType = folder.assetcatalog; path = Assets.xcassets; sourceTree = "<group>"; };
		0A151C5628A0DE4E005EFBFF /* Preview Assets.xcassets */ = {isa = PBXFileReference; lastKnownFileType = folder.assetcatalog; path = "Preview Assets.xcassets"; sourceTree = "<group>"; };
		0A151C5C28A0DE4E005EFBFF /* CounterTests.xctest */ = {isa = PBXFileReference; explicitFileType = wrapper.cfbundle; includeInIndex = 0; path = CounterTests.xctest; sourceTree = BUILT_PRODUCTS_DIR; };
		0A151C6028A0DE4E005EFBFF /* CounterTests.swift */ = {isa = PBXFileReference; lastKnownFileType = sourcecode.swift; path = CounterTests.swift; sourceTree = "<group>"; };
		0A151C6628A0DE4E005EFBFF /* CounterUITests.xctest */ = {isa = PBXFileReference; explicitFileType = wrapper.cfbundle; includeInIndex = 0; path = CounterUITests.xctest; sourceTree = BUILT_PRODUCTS_DIR; };
		0A151C6A28A0DE4F005EFBFF /* CounterUITests.swift */ = {isa = PBXFileReference; lastKnownFileType = sourcecode.swift; path = CounterUITests.swift; sourceTree = "<group>"; };
		0A151C6C28A0DE4F005EFBFF /* CounterUITestsLaunchTests.swift */ = {isa = PBXFileReference; lastKnownFileType = sourcecode.swift; path = CounterUITestsLaunchTests.swift; sourceTree = "<group>"; };
/* End PBXFileReference section */

/* Begin PBXFrameworksBuildPhase section */
		0A151C4928A0DE4D005EFBFF /* Frameworks */ = {
			isa = PBXFrameworksBuildPhase;
			buildActionMask = 2147483647;
			files = (
			);
			runOnlyForDeploymentPostprocessing = 0;
		};
		0A151C5928A0DE4E005EFBFF /* Frameworks */ = {
			isa = PBXFrameworksBuildPhase;
			buildActionMask = 2147483647;
			files = (
			);
			runOnlyForDeploymentPostprocessing = 0;
		};
		0A151C6328A0DE4E005EFBFF /* Frameworks */ = {
			isa = PBXFrameworksBuildPhase;
			buildActionMask = 2147483647;
			files = (
			);
			runOnlyForDeploymentPostprocessing = 0;
		};
/* End PBXFrameworksBuildPhase section */

/* Begin PBXGroup section */
		0A151C4328A0DE4D005EFBFF = {
			isa = PBXGroup;
			children = (
				0A151C4E28A0DE4D005EFBFF /* Counter */,
				0A151C5F28A0DE4E005EFBFF /* CounterTests */,
				0A151C6928A0DE4E005EFBFF /* CounterUITests */,
				0A151C4D28A0DE4D005EFBFF /* Products */,
			);
			sourceTree = "<group>";
		};
		0A151C4D28A0DE4D005EFBFF /* Products */ = {
			isa = PBXGroup;
			children = (
				0A151C4C28A0DE4D005EFBFF /* Counter.app */,
				0A151C5C28A0DE4E005EFBFF /* CounterTests.xctest */,
				0A151C6628A0DE4E005EFBFF /* CounterUITests.xctest */,
			);
			name = Products;
			sourceTree = "<group>";
		};
		0A151C4E28A0DE4D005EFBFF /* Counter */ = {
			isa = PBXGroup;
			children = (
				0A151C4F28A0DE4D005EFBFF /* CounterApp.swift */,
				0A151C5128A0DE4D005EFBFF /* ContentView.swift */,
				0A151C5328A0DE4E005EFBFF /* Assets.xcassets */,
				0A151C5528A0DE4E005EFBFF /* Preview Content */,
			);
			path = Counter;
			sourceTree = "<group>";
		};
		0A151C5528A0DE4E005EFBFF /* Preview Content */ = {
			isa = PBXGroup;
			children = (
				0A151C5628A0DE4E005EFBFF /* Preview Assets.xcassets */,
			);
			path = "Preview Content";
			sourceTree = "<group>";
		};
		0A151C5F28A0DE4E005EFBFF /* CounterTests */ = {
			isa = PBXGroup;
			children = (
				0A151C6028A0DE4E005EFBFF /* CounterTests.swift */,
			);
			path = CounterTests;
			sourceTree = "<group>";
		};
		0A151C6928A0DE4E005EFBFF /* CounterUITests */ = {
			isa = PBXGroup;
			children = (
				0A151C6A28A0DE4F005EFBFF /* CounterUITests.swift */,
				0A151C6C28A0DE4F005EFBFF /* CounterUITestsLaunchTests.swift */,
			);
			path = CounterUITests;
			sourceTree = "<group>";
		};
/* End PBXGroup section */

/* Begin PBXNativeTarget section */
		0A151C4B28A0DE4D005EFBFF /* Counter */ = {
			isa = PBXNativeTarget;
			buildConfigurationList = 0A151C7028A0DE4F005EFBFF /* Build configuration list for PBXNativeTarget "Counter" */;
			buildPhases = (
				0A151C4828A0DE4D005EFBFF /* Sources */,
				0A151C4928A0DE4D005EFBFF /* Frameworks */,
				0A151C4A28A0DE4D005EFBFF /* Resources */,
			);
			buildRules = (
			);
			dependencies = (
			);
			name = Counter;
			productName = Counter;
			productReference = 0A151C4C28A0DE4D005EFBFF /* Counter.app */;
			productType = "com.apple.product-type.application";
		};
		0A151C5B28A0DE4E005EFBFF /* CounterTests */ = {
			isa = PBXNativeTarget;
			buildConfigurationList = 0A151C7328A0DE4F005EFBFF /* Build configuration list for PBXNativeTarget "CounterTests" */;
			buildPhases = (
				0A151C5828A0DE4E005EFBFF /* Sources */,
				0A151C5928A0DE4E005EFBFF /* Frameworks */,
				0A151C5A28A0DE4E005EFBFF /* Resources */,
			);
			buildRules = (
			);
			dependencies = (
				0A151C5E28A0DE4E005EFBFF /* PBXTargetDependency */,
			);
			name = CounterTests;
			productName = CounterTests;
			productReference = 0A151C5C28A0DE4E005EFBFF /* CounterTests.xctest */;
			productType = "com.apple.product-type.bundle.unit-test";
		};
		0A151C6528A0DE4E005EFBFF /* CounterUITests */ = {
			isa = PBXNativeTarget;
			buildConfigurationList = 0A151C7628A0DE4F005EFBFF /* Build configuration list for PBXNativeTarget "CounterUITests" */;
			buildPhases = (
				0A151C6228A0DE4E005EFBFF /* Sources */,
				0A151C6328A0DE4E005EFBFF /* Frameworks */,
				0A151C6428A0DE4E005EFBFF /* Resources */,
			);
			buildRules = (
			);
			dependencies = (
				0A151C6828A0DE4E005EFBFF /* PBXTargetDependency */,
			);
			name = CounterUITests;
			productName = CounterUITests;
			productReference = 0A151C6628A0DE4E005EFBFF /* CounterUITests.xctest */;
			productType = "com.apple.product-type.bundle.ui-testing";
		};
/* End PBXNativeTarget section */

/* Begin PBXProject section */
		0A151C4428A0DE4D005EFBFF /* Project object */ = {
			isa = PBXProject;
			attributes = {
				BuildIndependentTargetsInParallel = 1;
				LastSwiftUpdateCheck = 1340;
				LastUpgradeCheck = 1340;
				TargetAttributes = {
					0A151C4B28A0DE4D005EFBFF = {
						CreatedOnToolsVersion = 13.4.1;
					};
					0A151C5B28A0DE4E005EFBFF = {
						CreatedOnToolsVersion = 13.4.1;
						TestTargetID = 0A151C4B28A0DE4D005EFBFF;
					};
					0A151C6528A0DE4E005EFBFF = {
						CreatedOnToolsVersion = 13.4.1;
						TestTargetID = 0A151C4B28A0DE4D005EFBFF;
					};
				};
			};
			buildConfigurationList = 0A151C4728A0DE4D005EFBFF /* Build configuration list for PBXProject "Counter" */;
			compatibilityVersion = "Xcode 13.0";
			developmentRegion = en;
			hasScannedForEncodings = 0;
			knownRegions = (
				en,
				Base,
			);
			mainGroup = 0A151C4328A0DE4D005EFBFF;
			productRefGroup = 0A151C4D28A0DE4D005EFBFF /* Products */;
			projectDirPath = "";
			projectRoot = "";
			targets = (
				0A151C4B28A0DE4D005EFBFF /* Counter */,
				0A151C5B28A0DE4E005EFBFF /* CounterTests */,
				0A151C6528A0DE4E005EFBFF /* CounterUITests */,
			);
		};
/* End PBXProject section */

/* Begin PBXResourcesBuildPhase section */
		0A151C4A28A0DE4D005EFBFF /* Resources */ = {
			isa = PBXResourcesBuildPhase;
			buildActionMask = 2147483647;
			files = (
				0A151C5728A0DE4E005EFBFF /* Preview Assets.xcassets in Resources */,
				0A151C5428A0DE4E005EFBFF /* Assets.xcassets in Resources */,
			);
			runOnlyForDeploymentPostprocessing = 0;
		};
		0A151C5A28A0DE4E005EFBFF /* Resources */ = {
			isa = PBXResourcesBuildPhase;
			buildActionMask = 2147483647;
			files = (
			);
			runOnlyForDeploymentPostprocessing = 0;
		};
		0A151C6428A0DE4E005EFBFF /* Resources */ = {
			isa = PBXResourcesBuildPhase;
			buildActionMask = 2147483647;
			files = (
			);
			runOnlyForDeploymentPostprocessing = 0;
		};
/* End PBXResourcesBuildPhase section */

/* Begin PBXSourcesBuildPhase section */
		0A151C4828A0DE4D005EFBFF /* Sources */ = {
			isa = PBXSourcesBuildPhase;
			buildActionMask = 2147483647;
			files = (
				0A151C5228A0DE4D005EFBFF /* ContentView.swift in Sources */,
				0A151C5028A0DE4D005EFBFF /* CounterApp.swift in Sources */,
			);
			runOnlyForDeploymentPostprocessing = 0;
		};
		0A151C5828A0DE4E005EFBFF /* Sources */ = {
			isa = PBXSourcesBuildPhase;
			buildActionMask = 2147483647;
			files = (
				0A151C6128A0DE4E005EFBFF /* CounterTests.swift in Sources */,
			);
			runOnlyForDeploymentPostprocessing = 0;
		};
		0A151C6228A0DE4E005EFBFF /* Sources */ = {
			isa = PBXSourcesBuildPhase;
			buildActionMask = 2147483647;
			files = (
				0A151C6B28A0DE4F005EFBFF /* CounterUITests.swift in Sources */,
				0A151C6D28A0DE4F005EFBFF /* CounterUITestsLaunchTests.swift in Sources */,
			);
			runOnlyForDeploymentPostprocessing = 0;
		};
/* End PBXSourcesBuildPhase section */

/* Begin PBXTargetDependency section */
		0A151C5E28A0DE4E005EFBFF /* PBXTargetDependency */ = {
			isa = PBXTargetDependency;
			target = 0A151C4B28A0DE4D005EFBFF /* Counter */;
			targetProxy = 0A151C5D28A0DE4E005EFBFF /* PBXContainerItemProxy */;
		};
		0A151C6828A0DE4E005EFBFF /* PBXTargetDependency */ = {
			isa = PBXTargetDependency;
			target = 0A151C4B28A0DE4D005EFBFF /* Counter */;
			targetProxy = 0A151C6728A0DE4E005EFBFF /* PBXContainerItemProxy */;
		};
/* End PBXTargetDependency section */

/* Begin XCBuildConfiguration section */
		0A151C6E28A0DE4F005EFBFF /* Debug */ = {
			isa = XCBuildConfiguration;
			buildSettings = {
				ALWAYS_SEARCH_USER_PATHS = NO;
				CLANG_ANALYZER_NONNULL = YES;
				CLANG_ANALYZER_NUMBER_OBJECT_CONVERSION = YES_AGGRESSIVE;
				CLANG_CXX_LANGUAGE_STANDARD = "gnu++17";
				CLANG_ENABLE_MODULES = YES;
				CLANG_ENABLE_OBJC_ARC = YES;
				CLANG_ENABLE_OBJC_WEAK = YES;
				CLANG_WARN_BLOCK_CAPTURE_AUTORELEASING = YES;
				CLANG_WARN_BOOL_CONVERSION = YES;
				CLANG_WARN_COMMA = YES;
				CLANG_WARN_CONSTANT_CONVERSION = YES;
				CLANG_WARN_DEPRECATED_OBJC_IMPLEMENTATIONS = YES;
				CLANG_WARN_DIRECT_OBJC_ISA_USAGE = YES_ERROR;
				CLANG_WARN_DOCUMENTATION_COMMENTS = YES;
				CLANG_WARN_EMPTY_BODY = YES;
				CLANG_WARN_ENUM_CONVERSION = YES;
				CLANG_WARN_INFINITE_RECURSION = YES;
				CLANG_WARN_INT_CONVERSION = YES;
				CLANG_WARN_NON_LITERAL_NULL_CONVERSION = YES;
				CLANG_WARN_OBJC_IMPLICIT_RETAIN_SELF = YES;
				CLANG_WARN_OBJC_LITERAL_CONVERSION = YES;
				CLANG_WARN_OBJC_ROOT_CLASS = YES_ERROR;
				CLANG_WARN_QUOTED_INCLUDE_IN_FRAMEWORK_HEADER = YES;
				CLANG_WARN_RANGE_LOOP_ANALYSIS = YES;
				CLANG_WARN_STRICT_PROTOTYPES = YES;
				CLANG_WARN_SUSPICIOUS_MOVE = YES;
				CLANG_WARN_UNGUARDED_AVAILABILITY = YES_AGGRESSIVE;
				CLANG_WARN_UNREACHABLE_CODE = YES;
				CLANG_WARN__DUPLICATE_METHOD_MATCH = YES;
				COPY_PHASE_STRIP = NO;
				DEBUG_INFORMATION_FORMAT = dwarf;
				ENABLE_STRICT_OBJC_MSGSEND = YES;
				ENABLE_TESTABILITY = YES;
				GCC_C_LANGUAGE_STANDARD = gnu11;
				GCC_DYNAMIC_NO_PIC = NO;
				GCC_NO_COMMON_BLOCKS = YES;
				GCC_OPTIMIZATION_LEVEL = 0;
				GCC_PREPROCESSOR_DEFINITIONS = (
					"DEBUG=1",
					"$(inherited)",
				);
				GCC_WARN_64_TO_32_BIT_CONVERSION = YES;
				GCC_WARN_ABOUT_RETURN_TYPE = YES_ERROR;
				GCC_WARN_UNDECLARED_SELECTOR = YES;
				GCC_WARN_UNINITIALIZED_AUTOS = YES_AGGRESSIVE;
				GCC_WARN_UNUSED_FUNCTION = YES;
				GCC_WARN_UNUSED_VARIABLE = YES;
				IPHONEOS_DEPLOYMENT_TARGET = 15.5;
				MTL_ENABLE_DEBUG_INFO = INCLUDE_SOURCE;
				MTL_FAST_MATH = YES;
				ONLY_ACTIVE_ARCH = YES;
				SDKROOT = iphoneos;
				SWIFT_ACTIVE_COMPILATION_CONDITIONS = DEBUG;
				SWIFT_OPTIMIZATION_LEVEL = "-Onone";
			};
			name = Debug;
		};
		0A151C6F28A0DE4F005EFBFF /* Release */ = {
			isa = XCBuildConfiguration;
			buildSettings = {
				ALWAYS_SEARCH_USER_PATHS = NO;
				CLANG_ANALYZER_NONNULL = YES;
				CLANG_ANALYZER_NUMBER_OBJECT_CONVERSION = YES_AGGRESSIVE;
				CLANG_CXX_LANGUAGE_STANDARD = "gnu++17";
				CLANG_ENABLE_MODULES = YES;
				CLANG_ENABLE_OBJC_ARC = YES;
				CLANG_ENABLE_OBJC_WEAK = YES;
				CLANG_WARN_BLOCK_CAPTURE_AUTORELEASING = YES;
				CLANG_WARN_BOOL_CONVERSION = YES;
				CLANG_WARN_COMMA = YES;
				CLANG_WARN_CONSTANT_CONVERSION = YES;
				CLANG_WARN_DEPRECATED_OBJC_IMPLEMENTATIONS = YES;
				CLANG_WARN_DIRECT_OBJC_ISA_USAGE = YES_ERROR;
				CLANG_WARN_DOCUMENTATION_COMMENTS = YES;
				CLANG_WARN_EMPTY_BODY = YES;
				CLANG_WARN_ENUM_CONVERSION = YES;
				CLANG_WARN_INFINITE_RECURSION = YES;
				CLANG_WARN_INT_CONVERSION = YES;
				CLANG_WARN_NON_LITERAL_NULL_CONVERSION = YES;
				CLANG_WARN_OBJC_IMPLICIT_RETAIN_SELF = YES;
				CLANG_WARN_OBJC_LITERAL_CONVERSION = YES;
				CLANG_WARN_OBJC_ROOT_CLASS = YES_ERROR;
				CLANG_WARN_QUOTED_INCLUDE_IN_FRAMEWORK_HEADER = YES;
				CLANG_WARN_RANGE_LOOP_ANALYSIS = YES;
				CLANG_WARN_STRICT_PROTOTYPES = YES;
				CLANG_WARN_SUSPICIOUS_MOVE = YES;
				CLANG_WARN_UNGUARDED_AVAILABILITY = YES_AGGRESSIVE;
				CLANG_WARN_UNREACHABLE_CODE = YES;
				CLANG_WARN__DUPLICATE_METHOD_MATCH = YES;
				COPY_PHASE_STRIP = NO;
				DEBUG_INFORMATION_FORMAT = "dwarf-with-dsym";
				ENABLE_NS_ASSERTIONS = NO;
				ENABLE_STRICT_OBJC_MSGSEND = YES;
				GCC_C_LANGUAGE_STANDARD = gnu11;
				GCC_NO_COMMON_BLOCKS = YES;
				GCC_WARN_64_TO_32_BIT_CONVERSION = YES;
				GCC_WARN_ABOUT_RETURN_TYPE = YES_ERROR;
				GCC_WARN_UNDECLARED_SELECTOR = YES;
				GCC_WARN_UNINITIALIZED_AUTOS = YES_AGGRESSIVE;
				GCC_WARN_UNUSED_FUNCTION = YES;
				GCC_WARN_UNUSED_VARIABLE = YES;
				IPHONEOS_DEPLOYMENT_TARGET = 15.5;
				MTL_ENABLE_DEBUG_INFO = NO;
				MTL_FAST_MATH = YES;
				SDKROOT = iphoneos;
				SWIFT_COMPILATION_MODE = wholemodule;
				SWIFT_OPTIMIZATION_LEVEL = "-O";
				VALIDATE_PRODUCT = YES;
			};
			name = Release;
		};
		0A151C7128A0DE4F005EFBFF /* Debug */ = {
			isa = XCBuildConfiguration;
			buildSettings = {
				ASSETCATALOG_COMPILER_APPICON_NAME = AppIcon;
				ASSETCATALOG_COMPILER_GLOBAL_ACCENT_COLOR_NAME = AccentColor;
				CODE_SIGN_STYLE = Automatic;
				CURRENT_PROJECT_VERSION = 1;
				DEVELOPMENT_ASSET_PATHS = "\"Counter/Preview Content\"";
				DEVELOPMENT_TEAM = U6DL889KZ9;
				ENABLE_PREVIEWS = YES;
				GENERATE_INFOPLIST_FILE = YES;
				INFOPLIST_KEY_UIApplicationSceneManifest_Generation = YES;
				INFOPLIST_KEY_UIApplicationSupportsIndirectInputEvents = YES;
				INFOPLIST_KEY_UILaunchScreen_Generation = YES;
				INFOPLIST_KEY_UISupportedInterfaceOrientations_iPad = "UIInterfaceOrientationPortrait UIInterfaceOrientationPortraitUpsideDown UIInterfaceOrientationLandscapeLeft UIInterfaceOrientationLandscapeRight";
				INFOPLIST_KEY_UISupportedInterfaceOrientations_iPhone = "UIInterfaceOrientationPortrait UIInterfaceOrientationLandscapeLeft UIInterfaceOrientationLandscapeRight";
				LD_RUNPATH_SEARCH_PATHS = (
					"$(inherited)",
					"@executable_path/Frameworks",
				);
				MARKETING_VERSION = 1.0;
				PRODUCT_BUNDLE_IDENTIFIER = "Apple-Developer-Academy-PUC-Rio.Counter";
				PRODUCT_NAME = "$(TARGET_NAME)";
				SWIFT_EMIT_LOC_STRINGS = YES;
				SWIFT_VERSION = 5.0;
				TARGETED_DEVICE_FAMILY = "1,2";
			};
			name = Debug;
		};
		0A151C7228A0DE4F005EFBFF /* Release */ = {
			isa = XCBuildConfiguration;
			buildSettings = {
				ASSETCATALOG_COMPILER_APPICON_NAME = AppIcon;
				ASSETCATALOG_COMPILER_GLOBAL_ACCENT_COLOR_NAME = AccentColor;
				CODE_SIGN_STYLE = Automatic;
				CURRENT_PROJECT_VERSION = 1;
				DEVELOPMENT_ASSET_PATHS = "\"Counter/Preview Content\"";
				DEVELOPMENT_TEAM = U6DL889KZ9;
				ENABLE_PREVIEWS = YES;
				GENERATE_INFOPLIST_FILE = YES;
				INFOPLIST_KEY_UIApplicationSceneManifest_Generation = YES;
				INFOPLIST_KEY_UIApplicationSupportsIndirectInputEvents = YES;
				INFOPLIST_KEY_UILaunchScreen_Generation = YES;
				INFOPLIST_KEY_UISupportedInterfaceOrientations_iPad = "UIInterfaceOrientationPortrait UIInterfaceOrientationPortraitUpsideDown UIInterfaceOrientationLandscapeLeft UIInterfaceOrientationLandscapeRight";
				INFOPLIST_KEY_UISupportedInterfaceOrientations_iPhone = "UIInterfaceOrientationPortrait UIInterfaceOrientationLandscapeLeft UIInterfaceOrientationLandscapeRight";
				LD_RUNPATH_SEARCH_PATHS = (
					"$(inherited)",
					"@executable_path/Frameworks",
				);
				MARKETING_VERSION = 1.0;
				PRODUCT_BUNDLE_IDENTIFIER = "Apple-Developer-Academy-PUC-Rio.Counter";
				PRODUCT_NAME = "$(TARGET_NAME)";
				SWIFT_EMIT_LOC_STRINGS = YES;
				SWIFT_VERSION = 5.0;
				TARGETED_DEVICE_FAMILY = "1,2";
			};
			name = Release;
		};
		0A151C7428A0DE4F005EFBFF /* Debug */ = {
			isa = XCBuildConfiguration;
			buildSettings = {
				ALWAYS_EMBED_SWIFT_STANDARD_LIBRARIES = YES;
				BUNDLE_LOADER = "$(TEST_HOST)";
				CODE_SIGN_STYLE = Automatic;
				CURRENT_PROJECT_VERSION = 1;
				DEVELOPMENT_TEAM = U6DL889KZ9;
				GENERATE_INFOPLIST_FILE = YES;
				IPHONEOS_DEPLOYMENT_TARGET = 15.5;
				MARKETING_VERSION = 1.0;
				PRODUCT_BUNDLE_IDENTIFIER = "Apple-Developer-Academy-PUC-Rio.CounterTests";
				PRODUCT_NAME = "$(TARGET_NAME)";
				SWIFT_EMIT_LOC_STRINGS = NO;
				SWIFT_VERSION = 5.0;
				TARGETED_DEVICE_FAMILY = "1,2";
				TEST_HOST = "$(BUILT_PRODUCTS_DIR)/Counter.app/Counter";
			};
			name = Debug;
		};
		0A151C7528A0DE4F005EFBFF /* Release */ = {
			isa = XCBuildConfiguration;
			buildSettings = {
				ALWAYS_EMBED_SWIFT_STANDARD_LIBRARIES = YES;
				BUNDLE_LOADER = "$(TEST_HOST)";
				CODE_SIGN_STYLE = Automatic;
				CURRENT_PROJECT_VERSION = 1;
				DEVELOPMENT_TEAM = U6DL889KZ9;
				GENERATE_INFOPLIST_FILE = YES;
				IPHONEOS_DEPLOYMENT_TARGET = 15.5;
				MARKETING_VERSION = 1.0;
				PRODUCT_BUNDLE_IDENTIFIER = "Apple-Developer-Academy-PUC-Rio.CounterTests";
				PRODUCT_NAME = "$(TARGET_NAME)";
				SWIFT_EMIT_LOC_STRINGS = NO;
				SWIFT_VERSION = 5.0;
				TARGETED_DEVICE_FAMILY = "1,2";
				TEST_HOST = "$(BUILT_PRODUCTS_DIR)/Counter.app/Counter";
			};
			name = Release;
		};
		0A151C7728A0DE4F005EFBFF /* Debug */ = {
			isa = XCBuildConfiguration;
			buildSettings = {
				ALWAYS_EMBED_SWIFT_STANDARD_LIBRARIES = YES;
				CODE_SIGN_STYLE = Automatic;
				CURRENT_PROJECT_VERSION = 1;
				DEVELOPMENT_TEAM = U6DL889KZ9;
				GENERATE_INFOPLIST_FILE = YES;
				MARKETING_VERSION = 1.0;
				PRODUCT_BUNDLE_IDENTIFIER = "Apple-Developer-Academy-PUC-Rio.CounterUITests";
				PRODUCT_NAME = "$(TARGET_NAME)";
				SWIFT_EMIT_LOC_STRINGS = NO;
				SWIFT_VERSION = 5.0;
				TARGETED_DEVICE_FAMILY = "1,2";
				TEST_TARGET_NAME = Counter;
			};
			name = Debug;
		};
		0A151C7828A0DE4F005EFBFF /* Release */ = {
			isa = XCBuildConfiguration;
			buildSettings = {
				ALWAYS_EMBED_SWIFT_STANDARD_LIBRARIES = YES;
				CODE_SIGN_STYLE = Automatic;
				CURRENT_PROJECT_VERSION = 1;
				DEVELOPMENT_TEAM = U6DL889KZ9;
				GENERATE_INFOPLIST_FILE = YES;
				MARKETING_VERSION = 1.0;
				PRODUCT_BUNDLE_IDENTIFIER = "Apple-Developer-Academy-PUC-Rio.CounterUITests";
				PRODUCT_NAME = "$(TARGET_NAME)";
				SWIFT_EMIT_LOC_STRINGS = NO;
				SWIFT_VERSION = 5.0;
				TARGETED_DEVICE_FAMILY = "1,2";
				TEST_TARGET_NAME = Counter;
			};
			name = Release;
		};
/* End XCBuildConfiguration section */

/* Begin XCConfigurationList section */
		0A151C4728A0DE4D005EFBFF /* Build configuration list for PBXProject "Counter" */ = {
			isa = XCConfigurationList;
			buildConfigurations = (
				0A151C6E28A0DE4F005EFBFF /* Debug */,
				0A151C6F28A0DE4F005EFBFF /* Release */,
			);
			defaultConfigurationIsVisible = 0;
			defaultConfigurationName = Release;
		};
		0A151C7028A0DE4F005EFBFF /* Build configuration list for PBXNativeTarget "Counter" */ = {
			isa = XCConfigurationList;
			buildConfigurations = (
				0A151C7128A0DE4F005EFBFF /* Debug */,
				0A151C7228A0DE4F005EFBFF /* Release */,
			);
			defaultConfigurationIsVisible = 0;
			defaultConfigurationName = Release;
		};
		0A151C7328A0DE4F005EFBFF /* Build configuration list for PBXNativeTarget "CounterTests" */ = {
			isa = XCConfigurationList;
			buildConfigurations = (
				0A151C7428A0DE4F005EFBFF /* Debug */,
				0A151C7528A0DE4F005EFBFF /* Release */,
			);
			defaultConfigurationIsVisible = 0;
			defaultConfigurationName = Release;
		};
		0A151C7628A0DE4F005EFBFF /* Build configuration list for PBXNativeTarget "CounterUITests" */ = {
			isa = XCConfigurationList;
			buildConfigurations = (
				0A151C7728A0DE4F005EFBFF /* Debug */,
				0A151C7828A0DE4F005EFBFF /* Release */,
			);
			defaultConfigurationIsVisible = 0;
			defaultConfigurationName = Release;
		};
/* End XCConfigurationList section */
	};
	rootObject = 0A151C4428A0DE4D005EFBFF /* Project object */;
}
