// !$*UTF8*$!
{
	archiveVersion = 1;
	classes = {
	};
	objectVersion = 56;
	objects = {

/* Begin PBXBuildFile section */
		0A8308F628D5F85A006060AD /* CounterProjectApp.swift in Sources */ = {isa = PBXBuildFile; fileRef = 0A8308F528D5F85A006060AD /* CounterProjectApp.swift */; };
		0A8308F828D5F85A006060AD /* ContentView.swift in Sources */ = {isa = PBXBuildFile; fileRef = 0A8308F728D5F85A006060AD /* ContentView.swift */; };
		0A8308FA28D5F85C006060AD /* Assets.xcassets in Resources */ = {isa = PBXBuildFile; fileRef = 0A8308F928D5F85C006060AD /* Assets.xcassets */; };
		0A8308FD28D5F85C006060AD /* Preview Assets.xcassets in Resources */ = {isa = PBXBuildFile; fileRef = 0A8308FC28D5F85C006060AD /* Preview Assets.xcassets */; };
		0A83090728D5F85C006060AD /* CounterProjectTests.swift in Sources */ = {isa = PBXBuildFile; fileRef = 0A83090628D5F85C006060AD /* CounterProjectTests.swift */; };
		0A83091128D5F85C006060AD /* CounterProjectUITests.swift in Sources */ = {isa = PBXBuildFile; fileRef = 0A83091028D5F85C006060AD /* CounterProjectUITests.swift */; };
		0A83091328D5F85C006060AD /* CounterProjectUITestsLaunchTests.swift in Sources */ = {isa = PBXBuildFile; fileRef = 0A83091228D5F85C006060AD /* CounterProjectUITestsLaunchTests.swift */; };
		0A83092028D5FCDA006060AD /* LogoCounter.png in Resources */ = {isa = PBXBuildFile; fileRef = 0A83091F28D5FCDA006060AD /* LogoCounter.png */; };
/* End PBXBuildFile section */

/* Begin PBXContainerItemProxy section */
		0A83090328D5F85C006060AD /* PBXContainerItemProxy */ = {
			isa = PBXContainerItemProxy;
			containerPortal = 0A8308EA28D5F85A006060AD /* Project object */;
			proxyType = 1;
			remoteGlobalIDString = 0A8308F128D5F85A006060AD;
			remoteInfo = CounterProject;
		};
		0A83090D28D5F85C006060AD /* PBXContainerItemProxy */ = {
			isa = PBXContainerItemProxy;
			containerPortal = 0A8308EA28D5F85A006060AD /* Project object */;
			proxyType = 1;
			remoteGlobalIDString = 0A8308F128D5F85A006060AD;
			remoteInfo = CounterProject;
		};
/* End PBXContainerItemProxy section */

/* Begin PBXFileReference section */
		0A8308F228D5F85A006060AD /* CounterProject.app */ = {isa = PBXFileReference; explicitFileType = wrapper.application; includeInIndex = 0; path = CounterProject.app; sourceTree = BUILT_PRODUCTS_DIR; };
		0A8308F528D5F85A006060AD /* CounterProjectApp.swift */ = {isa = PBXFileReference; lastKnownFileType = sourcecode.swift; path = CounterProjectApp.swift; sourceTree = "<group>"; };
		0A8308F728D5F85A006060AD /* ContentView.swift */ = {isa = PBXFileReference; lastKnownFileType = sourcecode.swift; path = ContentView.swift; sourceTree = "<group>"; };
		0A8308F928D5F85C006060AD /* Assets.xcassets */ = {isa = PBXFileReference; lastKnownFileType = folder.assetcatalog; path = Assets.xcassets; sourceTree = "<group>"; };
		0A8308FC28D5F85C006060AD /* Preview Assets.xcassets */ = {isa = PBXFileReference; lastKnownFileType = folder.assetcatalog; path = "Preview Assets.xcassets"; sourceTree = "<group>"; };
		0A83090228D5F85C006060AD /* CounterProjectTests.xctest */ = {isa = PBXFileReference; explicitFileType = wrapper.cfbundle; includeInIndex = 0; path = CounterProjectTests.xctest; sourceTree = BUILT_PRODUCTS_DIR; };
		0A83090628D5F85C006060AD /* CounterProjectTests.swift */ = {isa = PBXFileReference; lastKnownFileType = sourcecode.swift; path = CounterProjectTests.swift; sourceTree = "<group>"; };
		0A83090C28D5F85C006060AD /* CounterProjectUITests.xctest */ = {isa = PBXFileReference; explicitFileType = wrapper.cfbundle; includeInIndex = 0; path = CounterProjectUITests.xctest; sourceTree = BUILT_PRODUCTS_DIR; };
		0A83091028D5F85C006060AD /* CounterProjectUITests.swift */ = {isa = PBXFileReference; lastKnownFileType = sourcecode.swift; path = CounterProjectUITests.swift; sourceTree = "<group>"; };
		0A83091228D5F85C006060AD /* CounterProjectUITestsLaunchTests.swift */ = {isa = PBXFileReference; lastKnownFileType = sourcecode.swift; path = CounterProjectUITestsLaunchTests.swift; sourceTree = "<group>"; };
		0A83091F28D5FCDA006060AD /* LogoCounter.png */ = {isa = PBXFileReference; lastKnownFileType = image.png; path = LogoCounter.png; sourceTree = "<group>"; };
/* End PBXFileReference section */

/* Begin PBXFrameworksBuildPhase section */
		0A8308EF28D5F85A006060AD /* Frameworks */ = {
			isa = PBXFrameworksBuildPhase;
			buildActionMask = 2147483647;
			files = (
			);
			runOnlyForDeploymentPostprocessing = 0;
		};
		0A8308FF28D5F85C006060AD /* Frameworks */ = {
			isa = PBXFrameworksBuildPhase;
			buildActionMask = 2147483647;
			files = (
			);
			runOnlyForDeploymentPostprocessing = 0;
		};
		0A83090928D5F85C006060AD /* Frameworks */ = {
			isa = PBXFrameworksBuildPhase;
			buildActionMask = 2147483647;
			files = (
			);
			runOnlyForDeploymentPostprocessing = 0;
		};
/* End PBXFrameworksBuildPhase section */

/* Begin PBXGroup section */
		0A8308E928D5F85A006060AD = {
			isa = PBXGroup;
			children = (
				0A8308F428D5F85A006060AD /* CounterProject */,
				0A83090528D5F85C006060AD /* CounterProjectTests */,
				0A83090F28D5F85C006060AD /* CounterProjectUITests */,
				0A8308F328D5F85A006060AD /* Products */,
			);
			sourceTree = "<group>";
		};
		0A8308F328D5F85A006060AD /* Products */ = {
			isa = PBXGroup;
			children = (
				0A8308F228D5F85A006060AD /* CounterProject.app */,
				0A83090228D5F85C006060AD /* CounterProjectTests.xctest */,
				0A83090C28D5F85C006060AD /* CounterProjectUITests.xctest */,
			);
			name = Products;
			sourceTree = "<group>";
		};
		0A8308F428D5F85A006060AD /* CounterProject */ = {
			isa = PBXGroup;
			children = (
				0A8308F528D5F85A006060AD /* CounterProjectApp.swift */,
				0A8308F728D5F85A006060AD /* ContentView.swift */,
				0A83091F28D5FCDA006060AD /* LogoCounter.png */,
				0A8308F928D5F85C006060AD /* Assets.xcassets */,
				0A8308FB28D5F85C006060AD /* Preview Content */,
			);
			path = CounterProject;
			sourceTree = "<group>";
		};
		0A8308FB28D5F85C006060AD /* Preview Content */ = {
			isa = PBXGroup;
			children = (
				0A8308FC28D5F85C006060AD /* Preview Assets.xcassets */,
			);
			path = "Preview Content";
			sourceTree = "<group>";
		};
		0A83090528D5F85C006060AD /* CounterProjectTests */ = {
			isa = PBXGroup;
			children = (
				0A83090628D5F85C006060AD /* CounterProjectTests.swift */,
			);
			path = CounterProjectTests;
			sourceTree = "<group>";
		};
		0A83090F28D5F85C006060AD /* CounterProjectUITests */ = {
			isa = PBXGroup;
			children = (
				0A83091028D5F85C006060AD /* CounterProjectUITests.swift */,
				0A83091228D5F85C006060AD /* CounterProjectUITestsLaunchTests.swift */,
			);
			path = CounterProjectUITests;
			sourceTree = "<group>";
		};
/* End PBXGroup section */

/* Begin PBXNativeTarget section */
		0A8308F128D5F85A006060AD /* CounterProject */ = {
			isa = PBXNativeTarget;
			buildConfigurationList = 0A83091628D5F85C006060AD /* Build configuration list for PBXNativeTarget "CounterProject" */;
			buildPhases = (
				0A8308EE28D5F85A006060AD /* Sources */,
				0A8308EF28D5F85A006060AD /* Frameworks */,
				0A8308F028D5F85A006060AD /* Resources */,
			);
			buildRules = (
			);
			dependencies = (
			);
			name = CounterProject;
			productName = CounterProject;
			productReference = 0A8308F228D5F85A006060AD /* CounterProject.app */;
			productType = "com.apple.product-type.application";
		};
		0A83090128D5F85C006060AD /* CounterProjectTests */ = {
			isa = PBXNativeTarget;
			buildConfigurationList = 0A83091928D5F85C006060AD /* Build configuration list for PBXNativeTarget "CounterProjectTests" */;
			buildPhases = (
				0A8308FE28D5F85C006060AD /* Sources */,
				0A8308FF28D5F85C006060AD /* Frameworks */,
				0A83090028D5F85C006060AD /* Resources */,
			);
			buildRules = (
			);
			dependencies = (
				0A83090428D5F85C006060AD /* PBXTargetDependency */,
			);
			name = CounterProjectTests;
			productName = CounterProjectTests;
			productReference = 0A83090228D5F85C006060AD /* CounterProjectTests.xctest */;
			productType = "com.apple.product-type.bundle.unit-test";
		};
		0A83090B28D5F85C006060AD /* CounterProjectUITests */ = {
			isa = PBXNativeTarget;
			buildConfigurationList = 0A83091C28D5F85C006060AD /* Build configuration list for PBXNativeTarget "CounterProjectUITests" */;
			buildPhases = (
				0A83090828D5F85C006060AD /* Sources */,
				0A83090928D5F85C006060AD /* Frameworks */,
				0A83090A28D5F85C006060AD /* Resources */,
			);
			buildRules = (
			);
			dependencies = (
				0A83090E28D5F85C006060AD /* PBXTargetDependency */,
			);
			name = CounterProjectUITests;
			productName = CounterProjectUITests;
			productReference = 0A83090C28D5F85C006060AD /* CounterProjectUITests.xctest */;
			productType = "com.apple.product-type.bundle.ui-testing";
		};
/* End PBXNativeTarget section */

/* Begin PBXProject section */
		0A8308EA28D5F85A006060AD /* Project object */ = {
			isa = PBXProject;
			attributes = {
				BuildIndependentTargetsInParallel = 1;
				LastSwiftUpdateCheck = 1400;
				LastUpgradeCheck = 1400;
				TargetAttributes = {
					0A8308F128D5F85A006060AD = {
						CreatedOnToolsVersion = 14.0;
					};
					0A83090128D5F85C006060AD = {
						CreatedOnToolsVersion = 14.0;
						TestTargetID = 0A8308F128D5F85A006060AD;
					};
					0A83090B28D5F85C006060AD = {
						CreatedOnToolsVersion = 14.0;
						TestTargetID = 0A8308F128D5F85A006060AD;
					};
				};
			};
			buildConfigurationList = 0A8308ED28D5F85A006060AD /* Build configuration list for PBXProject "CounterProject" */;
			compatibilityVersion = "Xcode 14.0";
			developmentRegion = en;
			hasScannedForEncodings = 0;
			knownRegions = (
				en,
				Base,
			);
			mainGroup = 0A8308E928D5F85A006060AD;
			productRefGroup = 0A8308F328D5F85A006060AD /* Products */;
			projectDirPath = "";
			projectRoot = "";
			targets = (
				0A8308F128D5F85A006060AD /* CounterProject */,
				0A83090128D5F85C006060AD /* CounterProjectTests */,
				0A83090B28D5F85C006060AD /* CounterProjectUITests */,
			);
		};
/* End PBXProject section */

/* Begin PBXResourcesBuildPhase section */
		0A8308F028D5F85A006060AD /* Resources */ = {
			isa = PBXResourcesBuildPhase;
			buildActionMask = 2147483647;
			files = (
				0A83092028D5FCDA006060AD /* LogoCounter.png in Resources */,
				0A8308FD28D5F85C006060AD /* Preview Assets.xcassets in Resources */,
				0A8308FA28D5F85C006060AD /* Assets.xcassets in Resources */,
			);
			runOnlyForDeploymentPostprocessing = 0;
		};
		0A83090028D5F85C006060AD /* Resources */ = {
			isa = PBXResourcesBuildPhase;
			buildActionMask = 2147483647;
			files = (
			);
			runOnlyForDeploymentPostprocessing = 0;
		};
		0A83090A28D5F85C006060AD /* Resources */ = {
			isa = PBXResourcesBuildPhase;
			buildActionMask = 2147483647;
			files = (
			);
			runOnlyForDeploymentPostprocessing = 0;
		};
/* End PBXResourcesBuildPhase section */

/* Begin PBXSourcesBuildPhase section */
		0A8308EE28D5F85A006060AD /* Sources */ = {
			isa = PBXSourcesBuildPhase;
			buildActionMask = 2147483647;
			files = (
				0A8308F828D5F85A006060AD /* ContentView.swift in Sources */,
				0A8308F628D5F85A006060AD /* CounterProjectApp.swift in Sources */,
			);
			runOnlyForDeploymentPostprocessing = 0;
		};
		0A8308FE28D5F85C006060AD /* Sources */ = {
			isa = PBXSourcesBuildPhase;
			buildActionMask = 2147483647;
			files = (
				0A83090728D5F85C006060AD /* CounterProjectTests.swift in Sources */,
			);
			runOnlyForDeploymentPostprocessing = 0;
		};
		0A83090828D5F85C006060AD /* Sources */ = {
			isa = PBXSourcesBuildPhase;
			buildActionMask = 2147483647;
			files = (
				0A83091128D5F85C006060AD /* CounterProjectUITests.swift in Sources */,
				0A83091328D5F85C006060AD /* CounterProjectUITestsLaunchTests.swift in Sources */,
			);
			runOnlyForDeploymentPostprocessing = 0;
		};
/* End PBXSourcesBuildPhase section */

/* Begin PBXTargetDependency section */
		0A83090428D5F85C006060AD /* PBXTargetDependency */ = {
			isa = PBXTargetDependency;
			target = 0A8308F128D5F85A006060AD /* CounterProject */;
			targetProxy = 0A83090328D5F85C006060AD /* PBXContainerItemProxy */;
		};
		0A83090E28D5F85C006060AD /* PBXTargetDependency */ = {
			isa = PBXTargetDependency;
			target = 0A8308F128D5F85A006060AD /* CounterProject */;
			targetProxy = 0A83090D28D5F85C006060AD /* PBXContainerItemProxy */;
		};
/* End PBXTargetDependency section */

/* Begin XCBuildConfiguration section */
		0A83091428D5F85C006060AD /* Debug */ = {
			isa = XCBuildConfiguration;
			buildSettings = {
				ALWAYS_SEARCH_USER_PATHS = NO;
				CLANG_ANALYZER_NONNULL = YES;
				CLANG_ANALYZER_NUMBER_OBJECT_CONVERSION = YES_AGGRESSIVE;
				CLANG_CXX_LANGUAGE_STANDARD = "gnu++20";
				CLANG_ENABLE_MODULES = YES;
				CLANG_ENABLE_OBJC_ARC = YES;
				CLANG_ENABLE_OBJC_WEAK = YES;
				CLANG_WARN_BLOCK_CAPTURE_AUTORELEASING = YES;
				CLANG_WARN_BOOL_CONVERSION = YES;
				CLANG_WARN_COMMA = YES;
				CLANG_WARN_CONSTANT_CONVERSION = YES;
				CLANG_WARN_DEPRECATED_OBJC_IMPLEMENTATIONS = YES;
				CLANG_WARN_DIRECT_OBJC_ISA_USAGE = YES_ERROR;
				CLANG_WARN_DOCUMENTATION_COMMENTS = YES;
				CLANG_WARN_EMPTY_BODY = YES;
				CLANG_WARN_ENUM_CONVERSION = YES;
				CLANG_WARN_INFINITE_RECURSION = YES;
				CLANG_WARN_INT_CONVERSION = YES;
				CLANG_WARN_NON_LITERAL_NULL_CONVERSION = YES;
				CLANG_WARN_OBJC_IMPLICIT_RETAIN_SELF = YES;
				CLANG_WARN_OBJC_LITERAL_CONVERSION = YES;
				CLANG_WARN_OBJC_ROOT_CLASS = YES_ERROR;
				CLANG_WARN_QUOTED_INCLUDE_IN_FRAMEWORK_HEADER = YES;
				CLANG_WARN_RANGE_LOOP_ANALYSIS = YES;
				CLANG_WARN_STRICT_PROTOTYPES = YES;
				CLANG_WARN_SUSPICIOUS_MOVE = YES;
				CLANG_WARN_UNGUARDED_AVAILABILITY = YES_AGGRESSIVE;
				CLANG_WARN_UNREACHABLE_CODE = YES;
				CLANG_WARN__DUPLICATE_METHOD_MATCH = YES;
				COPY_PHASE_STRIP = NO;
				DEBUG_INFORMATION_FORMAT = dwarf;
				ENABLE_STRICT_OBJC_MSGSEND = YES;
				ENABLE_TESTABILITY = YES;
				GCC_C_LANGUAGE_STANDARD = gnu11;
				GCC_DYNAMIC_NO_PIC = NO;
				GCC_NO_COMMON_BLOCKS = YES;
				GCC_OPTIMIZATION_LEVEL = 0;
				GCC_PREPROCESSOR_DEFINITIONS = (
					"DEBUG=1",
					"$(inherited)",
				);
				GCC_WARN_64_TO_32_BIT_CONVERSION = YES;
				GCC_WARN_ABOUT_RETURN_TYPE = YES_ERROR;
				GCC_WARN_UNDECLARED_SELECTOR = YES;
				GCC_WARN_UNINITIALIZED_AUTOS = YES_AGGRESSIVE;
				GCC_WARN_UNUSED_FUNCTION = YES;
				GCC_WARN_UNUSED_VARIABLE = YES;
				IPHONEOS_DEPLOYMENT_TARGET = 16.0;
				MTL_ENABLE_DEBUG_INFO = INCLUDE_SOURCE;
				MTL_FAST_MATH = YES;
				ONLY_ACTIVE_ARCH = YES;
				SDKROOT = iphoneos;
				SWIFT_ACTIVE_COMPILATION_CONDITIONS = DEBUG;
				SWIFT_OPTIMIZATION_LEVEL = "-Onone";
			};
			name = Debug;
		};
		0A83091528D5F85C006060AD /* Release */ = {
			isa = XCBuildConfiguration;
			buildSettings = {
				ALWAYS_SEARCH_USER_PATHS = NO;
				CLANG_ANALYZER_NONNULL = YES;
				CLANG_ANALYZER_NUMBER_OBJECT_CONVERSION = YES_AGGRESSIVE;
				CLANG_CXX_LANGUAGE_STANDARD = "gnu++20";
				CLANG_ENABLE_MODULES = YES;
				CLANG_ENABLE_OBJC_ARC = YES;
				CLANG_ENABLE_OBJC_WEAK = YES;
				CLANG_WARN_BLOCK_CAPTURE_AUTORELEASING = YES;
				CLANG_WARN_BOOL_CONVERSION = YES;
				CLANG_WARN_COMMA = YES;
				CLANG_WARN_CONSTANT_CONVERSION = YES;
				CLANG_WARN_DEPRECATED_OBJC_IMPLEMENTATIONS = YES;
				CLANG_WARN_DIRECT_OBJC_ISA_USAGE = YES_ERROR;
				CLANG_WARN_DOCUMENTATION_COMMENTS = YES;
				CLANG_WARN_EMPTY_BODY = YES;
				CLANG_WARN_ENUM_CONVERSION = YES;
				CLANG_WARN_INFINITE_RECURSION = YES;
				CLANG_WARN_INT_CONVERSION = YES;
				CLANG_WARN_NON_LITERAL_NULL_CONVERSION = YES;
				CLANG_WARN_OBJC_IMPLICIT_RETAIN_SELF = YES;
				CLANG_WARN_OBJC_LITERAL_CONVERSION = YES;
				CLANG_WARN_OBJC_ROOT_CLASS = YES_ERROR;
				CLANG_WARN_QUOTED_INCLUDE_IN_FRAMEWORK_HEADER = YES;
				CLANG_WARN_RANGE_LOOP_ANALYSIS = YES;
				CLANG_WARN_STRICT_PROTOTYPES = YES;
				CLANG_WARN_SUSPICIOUS_MOVE = YES;
				CLANG_WARN_UNGUARDED_AVAILABILITY = YES_AGGRESSIVE;
				CLANG_WARN_UNREACHABLE_CODE = YES;
				CLANG_WARN__DUPLICATE_METHOD_MATCH = YES;
				COPY_PHASE_STRIP = NO;
				DEBUG_INFORMATION_FORMAT = "dwarf-with-dsym";
				ENABLE_NS_ASSERTIONS = NO;
				ENABLE_STRICT_OBJC_MSGSEND = YES;
				GCC_C_LANGUAGE_STANDARD = gnu11;
				GCC_NO_COMMON_BLOCKS = YES;
				GCC_WARN_64_TO_32_BIT_CONVERSION = YES;
				GCC_WARN_ABOUT_RETURN_TYPE = YES_ERROR;
				GCC_WARN_UNDECLARED_SELECTOR = YES;
				GCC_WARN_UNINITIALIZED_AUTOS = YES_AGGRESSIVE;
				GCC_WARN_UNUSED_FUNCTION = YES;
				GCC_WARN_UNUSED_VARIABLE = YES;
				IPHONEOS_DEPLOYMENT_TARGET = 16.0;
				MTL_ENABLE_DEBUG_INFO = NO;
				MTL_FAST_MATH = YES;
				SDKROOT = iphoneos;
				SWIFT_COMPILATION_MODE = wholemodule;
				SWIFT_OPTIMIZATION_LEVEL = "-O";
				VALIDATE_PRODUCT = YES;
			};
			name = Release;
		};
		0A83091728D5F85C006060AD /* Debug */ = {
			isa = XCBuildConfiguration;
			buildSettings = {
				ASSETCATALOG_COMPILER_APPICON_NAME = AppIcon;
				ASSETCATALOG_COMPILER_GLOBAL_ACCENT_COLOR_NAME = AccentColor;
				CODE_SIGN_STYLE = Automatic;
				CURRENT_PROJECT_VERSION = 1;
				DEVELOPMENT_ASSET_PATHS = "\"CounterProject/Preview Content\"";
				DEVELOPMENT_TEAM = U6DL889KZ9;
				ENABLE_PREVIEWS = YES;
				GENERATE_INFOPLIST_FILE = YES;
				INFOPLIST_KEY_UIApplicationSceneManifest_Generation = YES;
				INFOPLIST_KEY_UIApplicationSupportsIndirectInputEvents = YES;
				INFOPLIST_KEY_UILaunchScreen_Generation = YES;
				INFOPLIST_KEY_UISupportedInterfaceOrientations_iPad = "UIInterfaceOrientationPortrait UIInterfaceOrientationPortraitUpsideDown UIInterfaceOrientationLandscapeLeft UIInterfaceOrientationLandscapeRight";
				INFOPLIST_KEY_UISupportedInterfaceOrientations_iPhone = "UIInterfaceOrientationPortrait UIInterfaceOrientationLandscapeLeft UIInterfaceOrientationLandscapeRight";
				LD_RUNPATH_SEARCH_PATHS = (
					"$(inherited)",
					"@executable_path/Frameworks",
				);
				MARKETING_VERSION = 1.0;
				PRODUCT_BUNDLE_IDENTIFIER = "Apple-Developer-Academy-PUC-Rio.CounterProject";
				PRODUCT_NAME = "$(TARGET_NAME)";
				SWIFT_EMIT_LOC_STRINGS = YES;
				SWIFT_VERSION = 5.0;
				TARGETED_DEVICE_FAMILY = "1,2";
			};
			name = Debug;
		};
		0A83091828D5F85C006060AD /* Release */ = {
			isa = XCBuildConfiguration;
			buildSettings = {
				ASSETCATALOG_COMPILER_APPICON_NAME = AppIcon;
				ASSETCATALOG_COMPILER_GLOBAL_ACCENT_COLOR_NAME = AccentColor;
				CODE_SIGN_STYLE = Automatic;
				CURRENT_PROJECT_VERSION = 1;
				DEVELOPMENT_ASSET_PATHS = "\"CounterProject/Preview Content\"";
				DEVELOPMENT_TEAM = U6DL889KZ9;
				ENABLE_PREVIEWS = YES;
				GENERATE_INFOPLIST_FILE = YES;
				INFOPLIST_KEY_UIApplicationSceneManifest_Generation = YES;
				INFOPLIST_KEY_UIApplicationSupportsIndirectInputEvents = YES;
				INFOPLIST_KEY_UILaunchScreen_Generation = YES;
				INFOPLIST_KEY_UISupportedInterfaceOrientations_iPad = "UIInterfaceOrientationPortrait UIInterfaceOrientationPortraitUpsideDown UIInterfaceOrientationLandscapeLeft UIInterfaceOrientationLandscapeRight";
				INFOPLIST_KEY_UISupportedInterfaceOrientations_iPhone = "UIInterfaceOrientationPortrait UIInterfaceOrientationLandscapeLeft UIInterfaceOrientationLandscapeRight";
				LD_RUNPATH_SEARCH_PATHS = (
					"$(inherited)",
					"@executable_path/Frameworks",
				);
				MARKETING_VERSION = 1.0;
				PRODUCT_BUNDLE_IDENTIFIER = "Apple-Developer-Academy-PUC-Rio.CounterProject";
				PRODUCT_NAME = "$(TARGET_NAME)";
				SWIFT_EMIT_LOC_STRINGS = YES;
				SWIFT_VERSION = 5.0;
				TARGETED_DEVICE_FAMILY = "1,2";
			};
			name = Release;
		};
		0A83091A28D5F85C006060AD /* Debug */ = {
			isa = XCBuildConfiguration;
			buildSettings = {
				ALWAYS_EMBED_SWIFT_STANDARD_LIBRARIES = YES;
				BUNDLE_LOADER = "$(TEST_HOST)";
				CODE_SIGN_STYLE = Automatic;
				CURRENT_PROJECT_VERSION = 1;
				DEVELOPMENT_TEAM = U6DL889KZ9;
				GENERATE_INFOPLIST_FILE = YES;
				IPHONEOS_DEPLOYMENT_TARGET = 16.0;
				MARKETING_VERSION = 1.0;
				PRODUCT_BUNDLE_IDENTIFIER = "Apple-Developer-Academy-PUC-Rio.CounterProjectTests";
				PRODUCT_NAME = "$(TARGET_NAME)";
				SWIFT_EMIT_LOC_STRINGS = NO;
				SWIFT_VERSION = 5.0;
				TARGETED_DEVICE_FAMILY = "1,2";
				TEST_HOST = "$(BUILT_PRODUCTS_DIR)/CounterProject.app/$(BUNDLE_EXECUTABLE_FOLDER_PATH)/CounterProject";
			};
			name = Debug;
		};
		0A83091B28D5F85C006060AD /* Release */ = {
			isa = XCBuildConfiguration;
			buildSettings = {
				ALWAYS_EMBED_SWIFT_STANDARD_LIBRARIES = YES;
				BUNDLE_LOADER = "$(TEST_HOST)";
				CODE_SIGN_STYLE = Automatic;
				CURRENT_PROJECT_VERSION = 1;
				DEVELOPMENT_TEAM = U6DL889KZ9;
				GENERATE_INFOPLIST_FILE = YES;
				IPHONEOS_DEPLOYMENT_TARGET = 16.0;
				MARKETING_VERSION = 1.0;
				PRODUCT_BUNDLE_IDENTIFIER = "Apple-Developer-Academy-PUC-Rio.CounterProjectTests";
				PRODUCT_NAME = "$(TARGET_NAME)";
				SWIFT_EMIT_LOC_STRINGS = NO;
				SWIFT_VERSION = 5.0;
				TARGETED_DEVICE_FAMILY = "1,2";
				TEST_HOST = "$(BUILT_PRODUCTS_DIR)/CounterProject.app/$(BUNDLE_EXECUTABLE_FOLDER_PATH)/CounterProject";
			};
			name = Release;
		};
		0A83091D28D5F85C006060AD /* Debug */ = {
			isa = XCBuildConfiguration;
			buildSettings = {
				ALWAYS_EMBED_SWIFT_STANDARD_LIBRARIES = YES;
				CODE_SIGN_STYLE = Automatic;
				CURRENT_PROJECT_VERSION = 1;
				DEVELOPMENT_TEAM = U6DL889KZ9;
				GENERATE_INFOPLIST_FILE = YES;
				MARKETING_VERSION = 1.0;
				PRODUCT_BUNDLE_IDENTIFIER = "Apple-Developer-Academy-PUC-Rio.CounterProjectUITests";
				PRODUCT_NAME = "$(TARGET_NAME)";
				SWIFT_EMIT_LOC_STRINGS = NO;
				SWIFT_VERSION = 5.0;
				TARGETED_DEVICE_FAMILY = "1,2";
				TEST_TARGET_NAME = CounterProject;
			};
			name = Debug;
		};
		0A83091E28D5F85C006060AD /* Release */ = {
			isa = XCBuildConfiguration;
			buildSettings = {
				ALWAYS_EMBED_SWIFT_STANDARD_LIBRARIES = YES;
				CODE_SIGN_STYLE = Automatic;
				CURRENT_PROJECT_VERSION = 1;
				DEVELOPMENT_TEAM = U6DL889KZ9;
				GENERATE_INFOPLIST_FILE = YES;
				MARKETING_VERSION = 1.0;
				PRODUCT_BUNDLE_IDENTIFIER = "Apple-Developer-Academy-PUC-Rio.CounterProjectUITests";
				PRODUCT_NAME = "$(TARGET_NAME)";
				SWIFT_EMIT_LOC_STRINGS = NO;
				SWIFT_VERSION = 5.0;
				TARGETED_DEVICE_FAMILY = "1,2";
				TEST_TARGET_NAME = CounterProject;
			};
			name = Release;
		};
/* End XCBuildConfiguration section */

/* Begin XCConfigurationList section */
		0A8308ED28D5F85A006060AD /* Build configuration list for PBXProject "CounterProject" */ = {
			isa = XCConfigurationList;
			buildConfigurations = (
				0A83091428D5F85C006060AD /* Debug */,
				0A83091528D5F85C006060AD /* Release */,
			);
			defaultConfigurationIsVisible = 0;
			defaultConfigurationName = Release;
		};
		0A83091628D5F85C006060AD /* Build configuration list for PBXNativeTarget "CounterProject" */ = {
			isa = XCConfigurationList;
			buildConfigurations = (
				0A83091728D5F85C006060AD /* Debug */,
				0A83091828D5F85C006060AD /* Release */,
			);
			defaultConfigurationIsVisible = 0;
			defaultConfigurationName = Release;
		};
		0A83091928D5F85C006060AD /* Build configuration list for PBXNativeTarget "CounterProjectTests" */ = {
			isa = XCConfigurationList;
			buildConfigurations = (
				0A83091A28D5F85C006060AD /* Debug */,
				0A83091B28D5F85C006060AD /* Release */,
			);
			defaultConfigurationIsVisible = 0;
			defaultConfigurationName = Release;
		};
		0A83091C28D5F85C006060AD /* Build configuration list for PBXNativeTarget "CounterProjectUITests" */ = {
			isa = XCConfigurationList;
			buildConfigurations = (
				0A83091D28D5F85C006060AD /* Debug */,
				0A83091E28D5F85C006060AD /* Release */,
			);
			defaultConfigurationIsVisible = 0;
			defaultConfigurationName = Release;
		};
/* End XCConfigurationList section */
	};
	rootObject = 0A8308EA28D5F85A006060AD /* Project object */;
}
